// !$*UTF8*$!
{
	archiveVersion = 1;
	classes = {
	};
	objectVersion = 45;
	objects = {

/* Begin PBXBuildFile section */
		1D60589B0D05DD56006BFB54 /* main.m in Sources */ = {isa = PBXBuildFile; fileRef = 29B97316FDCFA39411CA2CEA /* main.m */; };
		1DF5F4E00D08C38300B7A737 /* UIKit.framework in Frameworks */ = {isa = PBXBuildFile; fileRef = 1DF5F4DF0D08C38300B7A737 /* UIKit.framework */; };
		288765A50DF7441C002DB57D /* CoreGraphics.framework in Frameworks */ = {isa = PBXBuildFile; fileRef = 288765A40DF7441C002DB57D /* CoreGraphics.framework */; };
		28C3AD8A0F43EF2300507BA6 /* Resale.xcdatamodel in Sources */ = {isa = PBXBuildFile; fileRef = 28C3AD890F43EF2300507BA6 /* Resale.xcdatamodel */; };
		28D801B40F44B63D00FB423F /* CoreData.framework in Frameworks */ = {isa = PBXBuildFile; fileRef = 28D801B30F44B63D00FB423F /* CoreData.framework */; };
		E82F262011A0E1AB006FFD47 /* RSPostDetailModel.m in Sources */ = {isa = PBXBuildFile; fileRef = E82F261811A0E1AB006FFD47 /* RSPostDetailModel.m */; };
		E82F262111A0E1AB006FFD47 /* RSPostDetailTableDataSource.m in Sources */ = {isa = PBXBuildFile; fileRef = E82F261A11A0E1AB006FFD47 /* RSPostDetailTableDataSource.m */; };
		E82F262211A0E1AB006FFD47 /* RSSearchPostsModel.m in Sources */ = {isa = PBXBuildFile; fileRef = E82F261D11A0E1AB006FFD47 /* RSSearchPostsModel.m */; };
		E82F262311A0E1AB006FFD47 /* RSSearchPostsTableDataSource.m in Sources */ = {isa = PBXBuildFile; fileRef = E82F261F11A0E1AB006FFD47 /* RSSearchPostsTableDataSource.m */; };
		E82F263711A0E749006FFD47 /* RSPostDetailController.m in Sources */ = {isa = PBXBuildFile; fileRef = E82F263511A0E749006FFD47 /* RSPostDetailController.m */; };
		E83CBE5C119BA4B40062D340 /* MessageUI.framework in Frameworks */ = {isa = PBXBuildFile; fileRef = E83CBE5B119BA4B40062D340 /* MessageUI.framework */; };
		E83CBEC6119C49950062D340 /* RSCreatePostController.m in Sources */ = {isa = PBXBuildFile; fileRef = E83CBEC5119C49950062D340 /* RSCreatePostController.m */; };
		E84C283A1235C3DD000CBE11 /* RSAPI.m in Sources */ = {isa = PBXBuildFile; fileRef = E84C28391235C3DD000CBE11 /* RSAPI.m */; };
		E84C28EC1235EA7F000CBE11 /* NSMutableDictionary+Resale.m in Sources */ = {isa = PBXBuildFile; fileRef = E84C28EB1235EA7F000CBE11 /* NSMutableDictionary+Resale.m */; };
		E84E41CE119DA8AC00D6A4B9 /* CoreLocation.framework in Frameworks */ = {isa = PBXBuildFile; fileRef = E84E41CD119DA8AC00D6A4B9 /* CoreLocation.framework */; };
		E84E4340119FC50900D6A4B9 /* NSDictionary+CGI.m in Sources */ = {isa = PBXBuildFile; fileRef = E84E433F119FC50900D6A4B9 /* NSDictionary+CGI.m */; };
		E87932501196EC11006F861D /* RSTabController.m in Sources */ = {isa = PBXBuildFile; fileRef = E879324F1196EC11006F861D /* RSTabController.m */; };
		E89D243F11990F52009EED67 /* UIViewController+Keyboard.m in Sources */ = {isa = PBXBuildFile; fileRef = E89D243E11990F52009EED67 /* UIViewController+Keyboard.m */; };
		E89D244C11991018009EED67 /* UIView+AJJD.m in Sources */ = {isa = PBXBuildFile; fileRef = E89D244A11991018009EED67 /* UIView+AJJD.m */; };
		E89D24741199165C009EED67 /* UIView+LW.m in Sources */ = {isa = PBXBuildFile; fileRef = E89D24721199165C009EED67 /* UIView+LW.m */; };
		E89D25AB1199DD40009EED67 /* RSCreatePostController.xib in Resources */ = {isa = PBXBuildFile; fileRef = E89D25A51199DD40009EED67 /* RSCreatePostController.xib */; };
		E89D25AC1199DD40009EED67 /* RSSearchPostsController.m in Sources */ = {isa = PBXBuildFile; fileRef = E89D25A71199DD40009EED67 /* RSSearchPostsController.m */; };
		E89D25AD1199DD40009EED67 /* RSUserPostsController.m in Sources */ = {isa = PBXBuildFile; fileRef = E89D25A91199DD40009EED67 /* RSUserPostsController.m */; };
		E89D27581199F737009EED67 /* Constants.m in Sources */ = {isa = PBXBuildFile; fileRef = E89D27571199F737009EED67 /* Constants.m */; };
		E89D27CD1199FDC7009EED67 /* jQueryInject.txt in Resources */ = {isa = PBXBuildFile; fileRef = E89D27931199FDC7009EED67 /* jQueryInject.txt */; };
		E89D27CE1199FDC7009EED67 /* jQueryInjectLandscape.txt in Resources */ = {isa = PBXBuildFile; fileRef = E89D27941199FDC7009EED67 /* jQueryInjectLandscape.txt */; };
		E89D27CF1199FDC7009EED67 /* libOAuth.a in Frameworks */ = {isa = PBXBuildFile; fileRef = E89D27951199FDC7009EED67 /* libOAuth.a */; };
		E89D27D01199FDC7009EED67 /* MGTwitterEngine.m in Sources */ = {isa = PBXBuildFile; fileRef = E89D27A81199FDC7009EED67 /* MGTwitterEngine.m */; };
		E89D27D11199FDC7009EED67 /* MGTwitterHTTPURLConnection.m in Sources */ = {isa = PBXBuildFile; fileRef = E89D27AC1199FDC7009EED67 /* MGTwitterHTTPURLConnection.m */; };
		E89D27D41199FDC7009EED67 /* MGTwitterMessagesParser.m in Sources */ = {isa = PBXBuildFile; fileRef = E89D27B21199FDC7009EED67 /* MGTwitterMessagesParser.m */; };
		E89D27D61199FDC7009EED67 /* MGTwitterMiscParser.m in Sources */ = {isa = PBXBuildFile; fileRef = E89D27B61199FDC7009EED67 /* MGTwitterMiscParser.m */; };
		E89D27D81199FDC7009EED67 /* MGTwitterStatusesParser.m in Sources */ = {isa = PBXBuildFile; fileRef = E89D27BC1199FDC7009EED67 /* MGTwitterStatusesParser.m */; };
		E89D27DA1199FDC7009EED67 /* MGTwitterUsersParser.m in Sources */ = {isa = PBXBuildFile; fileRef = E89D27C01199FDC7009EED67 /* MGTwitterUsersParser.m */; };
		E89D27DB1199FDC7009EED67 /* MGTwitterXMLParser.m in Sources */ = {isa = PBXBuildFile; fileRef = E89D27C21199FDC7009EED67 /* MGTwitterXMLParser.m */; };
		E89D27DC1199FDC7009EED67 /* NSData+Base64.m in Sources */ = {isa = PBXBuildFile; fileRef = E89D27C41199FDC7009EED67 /* NSData+Base64.m */; };
		E89D27DD1199FDC7009EED67 /* NSString+UUID.m in Sources */ = {isa = PBXBuildFile; fileRef = E89D27C61199FDC7009EED67 /* NSString+UUID.m */; };
		E89D27DE1199FDC7009EED67 /* SA_OAuthTwitterController.m in Sources */ = {isa = PBXBuildFile; fileRef = E89D27C91199FDC7009EED67 /* SA_OAuthTwitterController.m */; };
		E89D27DF1199FDC7009EED67 /* SA_OAuthTwitterEngine.m in Sources */ = {isa = PBXBuildFile; fileRef = E89D27CB1199FDC7009EED67 /* SA_OAuthTwitterEngine.m */; };
		E89D27E01199FDC7009EED67 /* twitter_load.png in Resources */ = {isa = PBXBuildFile; fileRef = E89D27CC1199FDC7009EED67 /* twitter_load.png */; };
		E8C6583B1234249A00F047B5 /* libThree20.a in Frameworks */ = {isa = PBXBuildFile; fileRef = E8C657F9123423BE00F047B5 /* libThree20.a */; };
		E8C6583C123424A500F047B5 /* libThree20Core.a in Frameworks */ = {isa = PBXBuildFile; fileRef = E8C658191234247100F047B5 /* libThree20Core.a */; };
		E8C6583D123424A600F047B5 /* libThree20Network.a in Frameworks */ = {isa = PBXBuildFile; fileRef = E8C6581F1234247100F047B5 /* libThree20Network.a */; };
		E8C6583E123424A600F047B5 /* libThree20Style.a in Frameworks */ = {isa = PBXBuildFile; fileRef = E8C658251234247100F047B5 /* libThree20Style.a */; };
		E8C6583F123424A700F047B5 /* libThree20UI.a in Frameworks */ = {isa = PBXBuildFile; fileRef = E8C658371234247100F047B5 /* libThree20UI.a */; };
		E8C65840123424A800F047B5 /* libThree20UICommon.a in Frameworks */ = {isa = PBXBuildFile; fileRef = E8C6582B1234247100F047B5 /* libThree20UICommon.a */; };
		E8C65841123424AA00F047B5 /* libThree20UINavigator.a in Frameworks */ = {isa = PBXBuildFile; fileRef = E8C658311234247100F047B5 /* libThree20UINavigator.a */; };
		E8C658541234254700F047B5 /* Three20.bundle in Resources */ = {isa = PBXBuildFile; fileRef = E8C658531234254700F047B5 /* Three20.bundle */; };
		E8C658EA123427D900F047B5 /* Foundation.framework in Frameworks */ = {isa = PBXBuildFile; fileRef = E8C658E9123427D900F047B5 /* Foundation.framework */; };
		E8C659161234299A00F047B5 /* libextThree20JSON+SBJSON.a in Frameworks */ = {isa = PBXBuildFile; fileRef = E8C6590D1234297500F047B5 /* libextThree20JSON+SBJSON.a */; };
		E8E2079B11A1894900B4B178 /* NSDictionary+Post.m in Sources */ = {isa = PBXBuildFile; fileRef = E8E2079A11A1894900B4B178 /* NSDictionary+Post.m */; };
		E8E2079E11A1896E00B4B178 /* RSStylesheet.m in Sources */ = {isa = PBXBuildFile; fileRef = E8E2079D11A1896E00B4B178 /* RSStylesheet.m */; };
		E8E207A011A189C700B4B178 /* rs_post_default_thumbnail.png in Resources */ = {isa = PBXBuildFile; fileRef = E8E2079F11A189C700B4B178 /* rs_post_default_thumbnail.png */; };
		E8E207A211A189CF00B4B178 /* rs_post_photo_icon.png in Resources */ = {isa = PBXBuildFile; fileRef = E8E207A111A189CF00B4B178 /* rs_post_photo_icon.png */; };
		E8E7AE62119A118900A0D92B /* libxml2.dylib in Frameworks */ = {isa = PBXBuildFile; fileRef = E8E7AE61119A118900A0D92B /* libxml2.dylib */; };
		EB383C0610BBF8A40000B2D2 /* AppDelegate.m in Sources */ = {isa = PBXBuildFile; fileRef = EB383C0510BBF8A40000B2D2 /* AppDelegate.m */; };
		EB383C1410BBF8C70000B2D2 /* QuartzCore.framework in Frameworks */ = {isa = PBXBuildFile; fileRef = EB383C1310BBF8C70000B2D2 /* QuartzCore.framework */; };
/* End PBXBuildFile section */

/* Begin PBXContainerItemProxy section */
		E8C657F8123423BE00F047B5 /* PBXContainerItemProxy */ = {
			isa = PBXContainerItemProxy;
			containerPortal = E8C657CD123423BE00F047B5 /* Three20.xcodeproj */;
			proxyType = 2;
			remoteGlobalIDString = BEF31F3A0F352DF5000DE5D2;
			remoteInfo = Three20;
		};
		E8C657FA123423BE00F047B5 /* PBXContainerItemProxy */ = {
			isa = PBXContainerItemProxy;
			containerPortal = E8C657CD123423BE00F047B5 /* Three20.xcodeproj */;
			proxyType = 2;
			remoteGlobalIDString = EB9E6C6210B6A8F800DE563C;
			remoteInfo = UnitTests;
		};
		E8C658181234247100F047B5 /* PBXContainerItemProxy */ = {
			isa = PBXContainerItemProxy;
			containerPortal = E8C658041234247100F047B5 /* Three20Core.xcodeproj */;
			proxyType = 2;
			remoteGlobalIDString = BEF31F3A0F352DF5000DE5D2;
			remoteInfo = Three20Core;
		};
		E8C6581A1234247100F047B5 /* PBXContainerItemProxy */ = {
			isa = PBXContainerItemProxy;
			containerPortal = E8C658041234247100F047B5 /* Three20Core.xcodeproj */;
			proxyType = 2;
			remoteGlobalIDString = EB9E6C6210B6A8F800DE563C;
			remoteInfo = UnitTests;
		};
		E8C6581E1234247100F047B5 /* PBXContainerItemProxy */ = {
			isa = PBXContainerItemProxy;
			containerPortal = E8C658071234247100F047B5 /* Three20Network.xcodeproj */;
			proxyType = 2;
			remoteGlobalIDString = BEF31F3A0F352DF5000DE5D2;
			remoteInfo = Three20Network;
		};
		E8C658201234247100F047B5 /* PBXContainerItemProxy */ = {
			isa = PBXContainerItemProxy;
			containerPortal = E8C658071234247100F047B5 /* Three20Network.xcodeproj */;
			proxyType = 2;
			remoteGlobalIDString = EB9E6C6210B6A8F800DE563C;
			remoteInfo = UnitTests;
		};
		E8C658241234247100F047B5 /* PBXContainerItemProxy */ = {
			isa = PBXContainerItemProxy;
			containerPortal = E8C6580A1234247100F047B5 /* Three20Style.xcodeproj */;
			proxyType = 2;
			remoteGlobalIDString = BEF31F3A0F352DF5000DE5D2;
			remoteInfo = Three20Style;
		};
		E8C658261234247100F047B5 /* PBXContainerItemProxy */ = {
			isa = PBXContainerItemProxy;
			containerPortal = E8C6580A1234247100F047B5 /* Three20Style.xcodeproj */;
			proxyType = 2;
			remoteGlobalIDString = EB9E6C6210B6A8F800DE563C;
			remoteInfo = UnitTests;
		};
		E8C6582A1234247100F047B5 /* PBXContainerItemProxy */ = {
			isa = PBXContainerItemProxy;
			containerPortal = E8C6580D1234247100F047B5 /* Three20UICommon.xcodeproj */;
			proxyType = 2;
			remoteGlobalIDString = BEF31F3A0F352DF5000DE5D2;
			remoteInfo = Three20UICommon;
		};
		E8C6582C1234247100F047B5 /* PBXContainerItemProxy */ = {
			isa = PBXContainerItemProxy;
			containerPortal = E8C6580D1234247100F047B5 /* Three20UICommon.xcodeproj */;
			proxyType = 2;
			remoteGlobalIDString = EB9E6C6210B6A8F800DE563C;
			remoteInfo = UnitTests;
		};
		E8C658301234247100F047B5 /* PBXContainerItemProxy */ = {
			isa = PBXContainerItemProxy;
			containerPortal = E8C658101234247100F047B5 /* Three20UINavigator.xcodeproj */;
			proxyType = 2;
			remoteGlobalIDString = BEF31F3A0F352DF5000DE5D2;
			remoteInfo = Three20UINavigator;
		};
		E8C658321234247100F047B5 /* PBXContainerItemProxy */ = {
			isa = PBXContainerItemProxy;
			containerPortal = E8C658101234247100F047B5 /* Three20UINavigator.xcodeproj */;
			proxyType = 2;
			remoteGlobalIDString = EB9E6C6210B6A8F800DE563C;
			remoteInfo = UnitTests;
		};
		E8C658361234247100F047B5 /* PBXContainerItemProxy */ = {
			isa = PBXContainerItemProxy;
			containerPortal = E8C658131234247100F047B5 /* Three20UI.xcodeproj */;
			proxyType = 2;
			remoteGlobalIDString = BEF31F3A0F352DF5000DE5D2;
			remoteInfo = Three20UI;
		};
		E8C658381234247100F047B5 /* PBXContainerItemProxy */ = {
			isa = PBXContainerItemProxy;
			containerPortal = E8C658131234247100F047B5 /* Three20UI.xcodeproj */;
			proxyType = 2;
			remoteGlobalIDString = EB9E6C6210B6A8F800DE563C;
			remoteInfo = UnitTests;
		};
		E8C658431234250E00F047B5 /* PBXContainerItemProxy */ = {
			isa = PBXContainerItemProxy;
			containerPortal = E8C6580A1234247100F047B5 /* Three20Style.xcodeproj */;
			proxyType = 1;
			remoteGlobalIDString = BEF31F390F352DF5000DE5D2;
			remoteInfo = Three20Style;
		};
		E8C658451234250E00F047B5 /* PBXContainerItemProxy */ = {
			isa = PBXContainerItemProxy;
			containerPortal = E8C658101234247100F047B5 /* Three20UINavigator.xcodeproj */;
			proxyType = 1;
			remoteGlobalIDString = BEF31F390F352DF5000DE5D2;
			remoteInfo = Three20UINavigator;
		};
		E8C658471234250E00F047B5 /* PBXContainerItemProxy */ = {
			isa = PBXContainerItemProxy;
			containerPortal = E8C658041234247100F047B5 /* Three20Core.xcodeproj */;
			proxyType = 1;
			remoteGlobalIDString = BEF31F390F352DF5000DE5D2;
			remoteInfo = Three20Core;
		};
		E8C658491234250E00F047B5 /* PBXContainerItemProxy */ = {
			isa = PBXContainerItemProxy;
			containerPortal = E8C658131234247100F047B5 /* Three20UI.xcodeproj */;
			proxyType = 1;
			remoteGlobalIDString = BEF31F390F352DF5000DE5D2;
			remoteInfo = Three20UI;
		};
		E8C6584B1234250E00F047B5 /* PBXContainerItemProxy */ = {
			isa = PBXContainerItemProxy;
			containerPortal = E8C658071234247100F047B5 /* Three20Network.xcodeproj */;
			proxyType = 1;
			remoteGlobalIDString = BEF31F390F352DF5000DE5D2;
			remoteInfo = Three20Network;
		};
		E8C6584D1234250E00F047B5 /* PBXContainerItemProxy */ = {
			isa = PBXContainerItemProxy;
			containerPortal = E8C657CD123423BE00F047B5 /* Three20.xcodeproj */;
			proxyType = 1;
			remoteGlobalIDString = BEF31F390F352DF5000DE5D2;
			remoteInfo = Three20;
		};
		E8C6584F1234250E00F047B5 /* PBXContainerItemProxy */ = {
			isa = PBXContainerItemProxy;
			containerPortal = E8C6580D1234247100F047B5 /* Three20UICommon.xcodeproj */;
			proxyType = 1;
			remoteGlobalIDString = BEF31F390F352DF5000DE5D2;
			remoteInfo = Three20UICommon;
		};
		E8C6590C1234297500F047B5 /* PBXContainerItemProxy */ = {
			isa = PBXContainerItemProxy;
			containerPortal = E8C659011234297500F047B5 /* extThree20JSON.xcodeproj */;
			proxyType = 2;
			remoteGlobalIDString = BEF31F3A0F352DF5000DE5D2;
			remoteInfo = "extThree20JSON+SBJSON";
		};
		E8C6590E1234297500F047B5 /* PBXContainerItemProxy */ = {
			isa = PBXContainerItemProxy;
			containerPortal = E8C659011234297500F047B5 /* extThree20JSON.xcodeproj */;
			proxyType = 2;
			remoteGlobalIDString = 6E645BD91187751200F08CB1;
			remoteInfo = "extThree20JSON+YAJL";
		};
		E8C659101234297500F047B5 /* PBXContainerItemProxy */ = {
			isa = PBXContainerItemProxy;
			containerPortal = E8C659011234297500F047B5 /* extThree20JSON.xcodeproj */;
			proxyType = 2;
			remoteGlobalIDString = EB9E6C6210B6A8F800DE563C;
			remoteInfo = UnitTestsSBJSON;
		};
		E8C659141234298E00F047B5 /* PBXContainerItemProxy */ = {
			isa = PBXContainerItemProxy;
			containerPortal = E8C659011234297500F047B5 /* extThree20JSON.xcodeproj */;
			proxyType = 1;
			remoteGlobalIDString = BEF31F390F352DF5000DE5D2;
			remoteInfo = "extThree20JSON+SBJSON";
		};
/* End PBXContainerItemProxy section */

/* Begin PBXFileReference section */
		1D6058910D05DD3D006BFB54 /* Resale.app */ = {isa = PBXFileReference; explicitFileType = wrapper.application; includeInIndex = 0; path = Resale.app; sourceTree = BUILT_PRODUCTS_DIR; };
		1DF5F4DF0D08C38300B7A737 /* UIKit.framework */ = {isa = PBXFileReference; lastKnownFileType = wrapper.framework; name = UIKit.framework; path = System/Library/Frameworks/UIKit.framework; sourceTree = SDKROOT; };
		288765A40DF7441C002DB57D /* CoreGraphics.framework */ = {isa = PBXFileReference; lastKnownFileType = wrapper.framework; name = CoreGraphics.framework; path = System/Library/Frameworks/CoreGraphics.framework; sourceTree = SDKROOT; };
		28C3AD890F43EF2300507BA6 /* Resale.xcdatamodel */ = {isa = PBXFileReference; fileEncoding = 4; lastKnownFileType = wrapper.xcdatamodel; path = Resale.xcdatamodel; sourceTree = "<group>"; };
		28D801B30F44B63D00FB423F /* CoreData.framework */ = {isa = PBXFileReference; lastKnownFileType = wrapper.framework; name = CoreData.framework; path = System/Library/Frameworks/CoreData.framework; sourceTree = SDKROOT; };
		29B97316FDCFA39411CA2CEA /* main.m */ = {isa = PBXFileReference; fileEncoding = 4; lastKnownFileType = sourcecode.c.objc; path = main.m; sourceTree = "<group>"; };
		32CA4F630368D1EE00C91783 /* Resale_Prefix.pch */ = {isa = PBXFileReference; fileEncoding = 4; lastKnownFileType = sourcecode.c.h; path = Resale_Prefix.pch; sourceTree = "<group>"; };
		8D1107310486CEB800E47090 /* Resale-Info.plist */ = {isa = PBXFileReference; fileEncoding = 4; lastKnownFileType = text.plist.xml; path = "Resale-Info.plist"; sourceTree = "<group>"; };
		E82F261711A0E1AB006FFD47 /* RSPostDetailModel.h */ = {isa = PBXFileReference; fileEncoding = 4; lastKnownFileType = sourcecode.c.h; path = RSPostDetailModel.h; sourceTree = "<group>"; };
		E82F261811A0E1AB006FFD47 /* RSPostDetailModel.m */ = {isa = PBXFileReference; fileEncoding = 4; lastKnownFileType = sourcecode.c.objc; path = RSPostDetailModel.m; sourceTree = "<group>"; };
		E82F261911A0E1AB006FFD47 /* RSPostDetailTableDataSource.h */ = {isa = PBXFileReference; fileEncoding = 4; lastKnownFileType = sourcecode.c.h; path = RSPostDetailTableDataSource.h; sourceTree = "<group>"; };
		E82F261A11A0E1AB006FFD47 /* RSPostDetailTableDataSource.m */ = {isa = PBXFileReference; fileEncoding = 4; lastKnownFileType = sourcecode.c.objc; path = RSPostDetailTableDataSource.m; sourceTree = "<group>"; };
		E82F261C11A0E1AB006FFD47 /* RSSearchPostsModel.h */ = {isa = PBXFileReference; fileEncoding = 4; lastKnownFileType = sourcecode.c.h; path = RSSearchPostsModel.h; sourceTree = "<group>"; };
		E82F261D11A0E1AB006FFD47 /* RSSearchPostsModel.m */ = {isa = PBXFileReference; fileEncoding = 4; lastKnownFileType = sourcecode.c.objc; path = RSSearchPostsModel.m; sourceTree = "<group>"; };
		E82F261E11A0E1AB006FFD47 /* RSSearchPostsTableDataSource.h */ = {isa = PBXFileReference; fileEncoding = 4; lastKnownFileType = sourcecode.c.h; path = RSSearchPostsTableDataSource.h; sourceTree = "<group>"; };
		E82F261F11A0E1AB006FFD47 /* RSSearchPostsTableDataSource.m */ = {isa = PBXFileReference; fileEncoding = 4; lastKnownFileType = sourcecode.c.objc; path = RSSearchPostsTableDataSource.m; sourceTree = "<group>"; };
		E82F263511A0E749006FFD47 /* RSPostDetailController.m */ = {isa = PBXFileReference; fileEncoding = 4; lastKnownFileType = sourcecode.c.objc; name = RSPostDetailController.m; path = UI/RSPostDetailController.m; sourceTree = "<group>"; };
		E82F263611A0E749006FFD47 /* RSPostDetailController.h */ = {isa = PBXFileReference; fileEncoding = 4; lastKnownFileType = sourcecode.c.h; name = RSPostDetailController.h; path = UI/RSPostDetailController.h; sourceTree = "<group>"; };
		E83CBE5B119BA4B40062D340 /* MessageUI.framework */ = {isa = PBXFileReference; lastKnownFileType = wrapper.framework; name = MessageUI.framework; path = System/Library/Frameworks/MessageUI.framework; sourceTree = SDKROOT; };
		E83CBEC5119C49950062D340 /* RSCreatePostController.m */ = {isa = PBXFileReference; fileEncoding = 4; lastKnownFileType = sourcecode.c.objc; name = RSCreatePostController.m; path = UI/RSCreatePostController.m; sourceTree = "<group>"; };
		E84C28381235C3DD000CBE11 /* RSAPI.h */ = {isa = PBXFileReference; fileEncoding = 4; lastKnownFileType = sourcecode.c.h; path = RSAPI.h; sourceTree = "<group>"; };
		E84C28391235C3DD000CBE11 /* RSAPI.m */ = {isa = PBXFileReference; fileEncoding = 4; lastKnownFileType = sourcecode.c.objc; path = RSAPI.m; sourceTree = "<group>"; };
		E84C28EA1235EA7F000CBE11 /* NSMutableDictionary+Resale.h */ = {isa = PBXFileReference; fileEncoding = 4; lastKnownFileType = sourcecode.c.h; path = "NSMutableDictionary+Resale.h"; sourceTree = "<group>"; };
		E84C28EB1235EA7F000CBE11 /* NSMutableDictionary+Resale.m */ = {isa = PBXFileReference; fileEncoding = 4; lastKnownFileType = sourcecode.c.objc; path = "NSMutableDictionary+Resale.m"; sourceTree = "<group>"; };
		E84E41CD119DA8AC00D6A4B9 /* CoreLocation.framework */ = {isa = PBXFileReference; lastKnownFileType = wrapper.framework; name = CoreLocation.framework; path = System/Library/Frameworks/CoreLocation.framework; sourceTree = SDKROOT; };
		E84E433E119FC50900D6A4B9 /* NSDictionary+CGI.h */ = {isa = PBXFileReference; fileEncoding = 4; lastKnownFileType = sourcecode.c.h; name = "NSDictionary+CGI.h"; path = "Extensions/NSDictionary+CGI.h"; sourceTree = "<group>"; };
		E84E433F119FC50900D6A4B9 /* NSDictionary+CGI.m */ = {isa = PBXFileReference; fileEncoding = 4; lastKnownFileType = sourcecode.c.objc; name = "NSDictionary+CGI.m"; path = "Extensions/NSDictionary+CGI.m"; sourceTree = "<group>"; };
		E879324E1196EC11006F861D /* RSTabController.h */ = {isa = PBXFileReference; fileEncoding = 4; lastKnownFileType = sourcecode.c.h; name = RSTabController.h; path = UI/RSTabController.h; sourceTree = "<group>"; };
		E879324F1196EC11006F861D /* RSTabController.m */ = {isa = PBXFileReference; fileEncoding = 4; lastKnownFileType = sourcecode.c.objc; name = RSTabController.m; path = UI/RSTabController.m; sourceTree = "<group>"; };
		E89D243D11990F52009EED67 /* UIViewController+Keyboard.h */ = {isa = PBXFileReference; fileEncoding = 4; lastKnownFileType = sourcecode.c.h; name = "UIViewController+Keyboard.h"; path = "Extensions/UIViewController+Keyboard.h"; sourceTree = "<group>"; };
		E89D243E11990F52009EED67 /* UIViewController+Keyboard.m */ = {isa = PBXFileReference; fileEncoding = 4; lastKnownFileType = sourcecode.c.objc; name = "UIViewController+Keyboard.m"; path = "Extensions/UIViewController+Keyboard.m"; sourceTree = "<group>"; };
		E89D244A11991018009EED67 /* UIView+AJJD.m */ = {isa = PBXFileReference; fileEncoding = 4; lastKnownFileType = sourcecode.c.objc; name = "UIView+AJJD.m"; path = "Extensions/UIView+AJJD.m"; sourceTree = "<group>"; };
		E89D244B11991018009EED67 /* UIView+AJJD.h */ = {isa = PBXFileReference; fileEncoding = 4; lastKnownFileType = sourcecode.c.h; name = "UIView+AJJD.h"; path = "Extensions/UIView+AJJD.h"; sourceTree = "<group>"; };
		E89D24721199165C009EED67 /* UIView+LW.m */ = {isa = PBXFileReference; fileEncoding = 4; lastKnownFileType = sourcecode.c.objc; name = "UIView+LW.m"; path = "Extensions/UIView+LW.m"; sourceTree = "<group>"; };
		E89D24731199165C009EED67 /* UIView+LW.h */ = {isa = PBXFileReference; fileEncoding = 4; lastKnownFileType = sourcecode.c.h; name = "UIView+LW.h"; path = "Extensions/UIView+LW.h"; sourceTree = "<group>"; };
		E89D25A31199DD40009EED67 /* RSCreatePostController.h */ = {isa = PBXFileReference; fileEncoding = 4; lastKnownFileType = sourcecode.c.h; name = RSCreatePostController.h; path = UI/RSCreatePostController.h; sourceTree = "<group>"; };
		E89D25A51199DD40009EED67 /* RSCreatePostController.xib */ = {isa = PBXFileReference; lastKnownFileType = file.xib; name = RSCreatePostController.xib; path = Classes/UI/RSCreatePostController.xib; sourceTree = "<group>"; };
		E89D25A61199DD40009EED67 /* RSSearchPostsController.h */ = {isa = PBXFileReference; fileEncoding = 4; lastKnownFileType = sourcecode.c.h; name = RSSearchPostsController.h; path = UI/RSSearchPostsController.h; sourceTree = "<group>"; };
		E89D25A71199DD40009EED67 /* RSSearchPostsController.m */ = {isa = PBXFileReference; fileEncoding = 4; lastKnownFileType = sourcecode.c.objc; name = RSSearchPostsController.m; path = UI/RSSearchPostsController.m; sourceTree = "<group>"; };
		E89D25A81199DD40009EED67 /* RSUserPostsController.h */ = {isa = PBXFileReference; fileEncoding = 4; lastKnownFileType = sourcecode.c.h; name = RSUserPostsController.h; path = UI/RSUserPostsController.h; sourceTree = "<group>"; };
		E89D25A91199DD40009EED67 /* RSUserPostsController.m */ = {isa = PBXFileReference; fileEncoding = 4; lastKnownFileType = sourcecode.c.objc; name = RSUserPostsController.m; path = UI/RSUserPostsController.m; sourceTree = "<group>"; };
		E89D27561199F737009EED67 /* Constants.h */ = {isa = PBXFileReference; fileEncoding = 4; lastKnownFileType = sourcecode.c.h; path = Constants.h; sourceTree = "<group>"; };
		E89D27571199F737009EED67 /* Constants.m */ = {isa = PBXFileReference; fileEncoding = 4; lastKnownFileType = sourcecode.c.objc; path = Constants.m; sourceTree = "<group>"; };
		E89D27931199FDC7009EED67 /* jQueryInject.txt */ = {isa = PBXFileReference; fileEncoding = 4; lastKnownFileType = text; path = jQueryInject.txt; sourceTree = "<group>"; };
		E89D27941199FDC7009EED67 /* jQueryInjectLandscape.txt */ = {isa = PBXFileReference; fileEncoding = 4; lastKnownFileType = text; path = jQueryInjectLandscape.txt; sourceTree = "<group>"; };
		E89D27951199FDC7009EED67 /* libOAuth.a */ = {isa = PBXFileReference; lastKnownFileType = archive.ar; path = libOAuth.a; sourceTree = "<group>"; };
		E89D27971199FDC7009EED67 /* NSMutableURLRequest+Parameters.h */ = {isa = PBXFileReference; fileEncoding = 4; lastKnownFileType = sourcecode.c.h; path = "NSMutableURLRequest+Parameters.h"; sourceTree = "<group>"; };
		E89D27981199FDC7009EED67 /* NSString+URLEncoding.h */ = {isa = PBXFileReference; fileEncoding = 4; lastKnownFileType = sourcecode.c.h; path = "NSString+URLEncoding.h"; sourceTree = "<group>"; };
		E89D27991199FDC7009EED67 /* NSURL+Base.h */ = {isa = PBXFileReference; fileEncoding = 4; lastKnownFileType = sourcecode.c.h; path = "NSURL+Base.h"; sourceTree = "<group>"; };
		E89D279A1199FDC7009EED67 /* OAAsynchronousDataFetcher.h */ = {isa = PBXFileReference; fileEncoding = 4; lastKnownFileType = sourcecode.c.h; path = OAAsynchronousDataFetcher.h; sourceTree = "<group>"; };
		E89D279B1199FDC7009EED67 /* OAConsumer.h */ = {isa = PBXFileReference; fileEncoding = 4; lastKnownFileType = sourcecode.c.h; path = OAConsumer.h; sourceTree = "<group>"; };
		E89D279C1199FDC7009EED67 /* OADataFetcher.h */ = {isa = PBXFileReference; fileEncoding = 4; lastKnownFileType = sourcecode.c.h; path = OADataFetcher.h; sourceTree = "<group>"; };
		E89D279D1199FDC7009EED67 /* OAHMAC_SHA1SignatureProvider.h */ = {isa = PBXFileReference; fileEncoding = 4; lastKnownFileType = sourcecode.c.h; path = OAHMAC_SHA1SignatureProvider.h; sourceTree = "<group>"; };
		E89D279E1199FDC7009EED67 /* OAMutableURLRequest.h */ = {isa = PBXFileReference; fileEncoding = 4; lastKnownFileType = sourcecode.c.h; path = OAMutableURLRequest.h; sourceTree = "<group>"; };
		E89D279F1199FDC7009EED67 /* OAPlaintextSignatureProvider.h */ = {isa = PBXFileReference; fileEncoding = 4; lastKnownFileType = sourcecode.c.h; path = OAPlaintextSignatureProvider.h; sourceTree = "<group>"; };
		E89D27A01199FDC7009EED67 /* OARequestParameter.h */ = {isa = PBXFileReference; fileEncoding = 4; lastKnownFileType = sourcecode.c.h; path = OARequestParameter.h; sourceTree = "<group>"; };
		E89D27A11199FDC7009EED67 /* OAServiceTicket.h */ = {isa = PBXFileReference; fileEncoding = 4; lastKnownFileType = sourcecode.c.h; path = OAServiceTicket.h; sourceTree = "<group>"; };
		E89D27A21199FDC7009EED67 /* OASignatureProviding.h */ = {isa = PBXFileReference; fileEncoding = 4; lastKnownFileType = sourcecode.c.h; path = OASignatureProviding.h; sourceTree = "<group>"; };
		E89D27A31199FDC7009EED67 /* OAToken.h */ = {isa = PBXFileReference; fileEncoding = 4; lastKnownFileType = sourcecode.c.h; path = OAToken.h; sourceTree = "<group>"; };
		E89D27A41199FDC7009EED67 /* OAToken_KeychainExtensions.h */ = {isa = PBXFileReference; fileEncoding = 4; lastKnownFileType = sourcecode.c.h; path = OAToken_KeychainExtensions.h; sourceTree = "<group>"; };
		E89D27A51199FDC7009EED67 /* OAuthConsumer.h */ = {isa = PBXFileReference; fileEncoding = 4; lastKnownFileType = sourcecode.c.h; path = OAuthConsumer.h; sourceTree = "<group>"; };
		E89D27A71199FDC7009EED67 /* MGTwitterEngine.h */ = {isa = PBXFileReference; fileEncoding = 4; lastKnownFileType = sourcecode.c.h; path = MGTwitterEngine.h; sourceTree = "<group>"; };
		E89D27A81199FDC7009EED67 /* MGTwitterEngine.m */ = {isa = PBXFileReference; fileEncoding = 4; lastKnownFileType = sourcecode.c.objc; path = MGTwitterEngine.m; sourceTree = "<group>"; };
		E89D27A91199FDC7009EED67 /* MGTwitterEngineDelegate.h */ = {isa = PBXFileReference; fileEncoding = 4; lastKnownFileType = sourcecode.c.h; path = MGTwitterEngineDelegate.h; sourceTree = "<group>"; };
		E89D27AA1199FDC7009EED67 /* MGTwitterEngineGlobalHeader.h */ = {isa = PBXFileReference; fileEncoding = 4; lastKnownFileType = sourcecode.c.h; path = MGTwitterEngineGlobalHeader.h; sourceTree = "<group>"; };
		E89D27AB1199FDC7009EED67 /* MGTwitterHTTPURLConnection.h */ = {isa = PBXFileReference; fileEncoding = 4; lastKnownFileType = sourcecode.c.h; path = MGTwitterHTTPURLConnection.h; sourceTree = "<group>"; };
		E89D27AC1199FDC7009EED67 /* MGTwitterHTTPURLConnection.m */ = {isa = PBXFileReference; fileEncoding = 4; lastKnownFileType = sourcecode.c.objc; path = MGTwitterHTTPURLConnection.m; sourceTree = "<group>"; };
		E89D27B11199FDC7009EED67 /* MGTwitterMessagesParser.h */ = {isa = PBXFileReference; fileEncoding = 4; lastKnownFileType = sourcecode.c.h; path = MGTwitterMessagesParser.h; sourceTree = "<group>"; };
		E89D27B21199FDC7009EED67 /* MGTwitterMessagesParser.m */ = {isa = PBXFileReference; fileEncoding = 4; lastKnownFileType = sourcecode.c.objc; path = MGTwitterMessagesParser.m; sourceTree = "<group>"; };
		E89D27B51199FDC7009EED67 /* MGTwitterMiscParser.h */ = {isa = PBXFileReference; fileEncoding = 4; lastKnownFileType = sourcecode.c.h; path = MGTwitterMiscParser.h; sourceTree = "<group>"; };
		E89D27B61199FDC7009EED67 /* MGTwitterMiscParser.m */ = {isa = PBXFileReference; fileEncoding = 4; lastKnownFileType = sourcecode.c.objc; path = MGTwitterMiscParser.m; sourceTree = "<group>"; };
		E89D27B71199FDC7009EED67 /* MGTwitterParserDelegate.h */ = {isa = PBXFileReference; fileEncoding = 4; lastKnownFileType = sourcecode.c.h; path = MGTwitterParserDelegate.h; sourceTree = "<group>"; };
		E89D27B81199FDC7009EED67 /* MGTwitterRequestTypes.h */ = {isa = PBXFileReference; fileEncoding = 4; lastKnownFileType = sourcecode.c.h; path = MGTwitterRequestTypes.h; sourceTree = "<group>"; };
		E89D27BB1199FDC7009EED67 /* MGTwitterStatusesParser.h */ = {isa = PBXFileReference; fileEncoding = 4; lastKnownFileType = sourcecode.c.h; path = MGTwitterStatusesParser.h; sourceTree = "<group>"; };
		E89D27BC1199FDC7009EED67 /* MGTwitterStatusesParser.m */ = {isa = PBXFileReference; fileEncoding = 4; lastKnownFileType = sourcecode.c.objc; path = MGTwitterStatusesParser.m; sourceTree = "<group>"; };
		E89D27BF1199FDC7009EED67 /* MGTwitterUsersParser.h */ = {isa = PBXFileReference; fileEncoding = 4; lastKnownFileType = sourcecode.c.h; path = MGTwitterUsersParser.h; sourceTree = "<group>"; };
		E89D27C01199FDC7009EED67 /* MGTwitterUsersParser.m */ = {isa = PBXFileReference; fileEncoding = 4; lastKnownFileType = sourcecode.c.objc; path = MGTwitterUsersParser.m; sourceTree = "<group>"; };
		E89D27C11199FDC7009EED67 /* MGTwitterXMLParser.h */ = {isa = PBXFileReference; fileEncoding = 4; lastKnownFileType = sourcecode.c.h; path = MGTwitterXMLParser.h; sourceTree = "<group>"; };
		E89D27C21199FDC7009EED67 /* MGTwitterXMLParser.m */ = {isa = PBXFileReference; fileEncoding = 4; lastKnownFileType = sourcecode.c.objc; path = MGTwitterXMLParser.m; sourceTree = "<group>"; };
		E89D27C31199FDC7009EED67 /* NSData+Base64.h */ = {isa = PBXFileReference; fileEncoding = 4; lastKnownFileType = sourcecode.c.h; path = "NSData+Base64.h"; sourceTree = "<group>"; };
		E89D27C41199FDC7009EED67 /* NSData+Base64.m */ = {isa = PBXFileReference; fileEncoding = 4; lastKnownFileType = sourcecode.c.objc; path = "NSData+Base64.m"; sourceTree = "<group>"; };
		E89D27C51199FDC7009EED67 /* NSString+UUID.h */ = {isa = PBXFileReference; fileEncoding = 4; lastKnownFileType = sourcecode.c.h; path = "NSString+UUID.h"; sourceTree = "<group>"; };
		E89D27C61199FDC7009EED67 /* NSString+UUID.m */ = {isa = PBXFileReference; fileEncoding = 4; lastKnownFileType = sourcecode.c.objc; path = "NSString+UUID.m"; sourceTree = "<group>"; };
		E89D27C81199FDC7009EED67 /* SA_OAuthTwitterController.h */ = {isa = PBXFileReference; fileEncoding = 4; lastKnownFileType = sourcecode.c.h; path = SA_OAuthTwitterController.h; sourceTree = "<group>"; };
		E89D27C91199FDC7009EED67 /* SA_OAuthTwitterController.m */ = {isa = PBXFileReference; fileEncoding = 4; lastKnownFileType = sourcecode.c.objc; path = SA_OAuthTwitterController.m; sourceTree = "<group>"; };
		E89D27CA1199FDC7009EED67 /* SA_OAuthTwitterEngine.h */ = {isa = PBXFileReference; fileEncoding = 4; lastKnownFileType = sourcecode.c.h; path = SA_OAuthTwitterEngine.h; sourceTree = "<group>"; };
		E89D27CB1199FDC7009EED67 /* SA_OAuthTwitterEngine.m */ = {isa = PBXFileReference; fileEncoding = 4; lastKnownFileType = sourcecode.c.objc; path = SA_OAuthTwitterEngine.m; sourceTree = "<group>"; };
		E89D27CC1199FDC7009EED67 /* twitter_load.png */ = {isa = PBXFileReference; lastKnownFileType = image.png; path = twitter_load.png; sourceTree = "<group>"; };
		E8C657CD123423BE00F047B5 /* Three20.xcodeproj */ = {isa = PBXFileReference; lastKnownFileType = "wrapper.pb-project"; name = Three20.xcodeproj; path = ../three20/src/Three20/Three20.xcodeproj; sourceTree = SOURCE_ROOT; };
		E8C658041234247100F047B5 /* Three20Core.xcodeproj */ = {isa = PBXFileReference; lastKnownFileType = "wrapper.pb-project"; name = Three20Core.xcodeproj; path = ../three20/src/Three20Core/Three20Core.xcodeproj; sourceTree = SOURCE_ROOT; };
		E8C658071234247100F047B5 /* Three20Network.xcodeproj */ = {isa = PBXFileReference; lastKnownFileType = "wrapper.pb-project"; name = Three20Network.xcodeproj; path = ../three20/src/Three20Network/Three20Network.xcodeproj; sourceTree = SOURCE_ROOT; };
		E8C6580A1234247100F047B5 /* Three20Style.xcodeproj */ = {isa = PBXFileReference; lastKnownFileType = "wrapper.pb-project"; name = Three20Style.xcodeproj; path = ../three20/src/Three20Style/Three20Style.xcodeproj; sourceTree = SOURCE_ROOT; };
		E8C6580D1234247100F047B5 /* Three20UICommon.xcodeproj */ = {isa = PBXFileReference; lastKnownFileType = "wrapper.pb-project"; name = Three20UICommon.xcodeproj; path = ../three20/src/Three20UICommon/Three20UICommon.xcodeproj; sourceTree = SOURCE_ROOT; };
		E8C658101234247100F047B5 /* Three20UINavigator.xcodeproj */ = {isa = PBXFileReference; lastKnownFileType = "wrapper.pb-project"; name = Three20UINavigator.xcodeproj; path = ../three20/src/Three20UINavigator/Three20UINavigator.xcodeproj; sourceTree = SOURCE_ROOT; };
		E8C658131234247100F047B5 /* Three20UI.xcodeproj */ = {isa = PBXFileReference; lastKnownFileType = "wrapper.pb-project"; name = Three20UI.xcodeproj; path = ../three20/src/Three20UI/Three20UI.xcodeproj; sourceTree = SOURCE_ROOT; };
		E8C658531234254700F047B5 /* Three20.bundle */ = {isa = PBXFileReference; lastKnownFileType = "wrapper.plug-in"; name = Three20.bundle; path = ../three20/src/Three20.bundle; sourceTree = SOURCE_ROOT; };
		E8C658E9123427D900F047B5 /* Foundation.framework */ = {isa = PBXFileReference; lastKnownFileType = wrapper.framework; name = Foundation.framework; path = System/Library/Frameworks/Foundation.framework; sourceTree = SDKROOT; };
		E8C659011234297500F047B5 /* extThree20JSON.xcodeproj */ = {isa = PBXFileReference; lastKnownFileType = "wrapper.pb-project"; name = extThree20JSON.xcodeproj; path = ../three20/src/extThree20JSON/extThree20JSON.xcodeproj; sourceTree = SOURCE_ROOT; };
		E8E2079911A1894900B4B178 /* NSDictionary+Post.h */ = {isa = PBXFileReference; fileEncoding = 4; lastKnownFileType = sourcecode.c.h; name = "NSDictionary+Post.h"; path = "Extensions/NSDictionary+Post.h"; sourceTree = "<group>"; };
		E8E2079A11A1894900B4B178 /* NSDictionary+Post.m */ = {isa = PBXFileReference; fileEncoding = 4; lastKnownFileType = sourcecode.c.objc; name = "NSDictionary+Post.m"; path = "Extensions/NSDictionary+Post.m"; sourceTree = "<group>"; };
		E8E2079C11A1896E00B4B178 /* RSStylesheet.h */ = {isa = PBXFileReference; fileEncoding = 4; lastKnownFileType = sourcecode.c.h; name = RSStylesheet.h; path = UI/RSStylesheet.h; sourceTree = "<group>"; };
		E8E2079D11A1896E00B4B178 /* RSStylesheet.m */ = {isa = PBXFileReference; fileEncoding = 4; lastKnownFileType = sourcecode.c.objc; name = RSStylesheet.m; path = UI/RSStylesheet.m; sourceTree = "<group>"; };
		E8E2079F11A189C700B4B178 /* rs_post_default_thumbnail.png */ = {isa = PBXFileReference; lastKnownFileType = image.png; name = rs_post_default_thumbnail.png; path = images/rs_post_default_thumbnail.png; sourceTree = "<group>"; };
		E8E207A111A189CF00B4B178 /* rs_post_photo_icon.png */ = {isa = PBXFileReference; lastKnownFileType = image.png; name = rs_post_photo_icon.png; path = images/rs_post_photo_icon.png; sourceTree = "<group>"; };
		E8E7AE61119A118900A0D92B /* libxml2.dylib */ = {isa = PBXFileReference; lastKnownFileType = "compiled.mach-o.dylib"; name = libxml2.dylib; path = usr/lib/libxml2.dylib; sourceTree = SDKROOT; };
		EB383C0410BBF8A40000B2D2 /* AppDelegate.h */ = {isa = PBXFileReference; fileEncoding = 4; lastKnownFileType = sourcecode.c.h; name = AppDelegate.h; path = Classes/AppDelegate.h; sourceTree = SOURCE_ROOT; };
		EB383C0510BBF8A40000B2D2 /* AppDelegate.m */ = {isa = PBXFileReference; fileEncoding = 4; lastKnownFileType = sourcecode.c.objc; name = AppDelegate.m; path = Classes/AppDelegate.m; sourceTree = SOURCE_ROOT; };
		EB383C1310BBF8C70000B2D2 /* QuartzCore.framework */ = {isa = PBXFileReference; lastKnownFileType = wrapper.framework; name = QuartzCore.framework; path = System/Library/Frameworks/QuartzCore.framework; sourceTree = SDKROOT; };
/* End PBXFileReference section */

/* Begin PBXFrameworksBuildPhase section */
		1D60588F0D05DD3D006BFB54 /* Frameworks */ = {
			isa = PBXFrameworksBuildPhase;
			buildActionMask = 2147483647;
			files = (
				1DF5F4E00D08C38300B7A737 /* UIKit.framework in Frameworks */,
				288765A50DF7441C002DB57D /* CoreGraphics.framework in Frameworks */,
				28D801B40F44B63D00FB423F /* CoreData.framework in Frameworks */,
				EB383C1410BBF8C70000B2D2 /* QuartzCore.framework in Frameworks */,
				E89D27CF1199FDC7009EED67 /* libOAuth.a in Frameworks */,
				E8E7AE62119A118900A0D92B /* libxml2.dylib in Frameworks */,
				E83CBE5C119BA4B40062D340 /* MessageUI.framework in Frameworks */,
				E84E41CE119DA8AC00D6A4B9 /* CoreLocation.framework in Frameworks */,
				E8C6583B1234249A00F047B5 /* libThree20.a in Frameworks */,
				E8C6583C123424A500F047B5 /* libThree20Core.a in Frameworks */,
				E8C6583D123424A600F047B5 /* libThree20Network.a in Frameworks */,
				E8C6583E123424A600F047B5 /* libThree20Style.a in Frameworks */,
				E8C6583F123424A700F047B5 /* libThree20UI.a in Frameworks */,
				E8C65840123424A800F047B5 /* libThree20UICommon.a in Frameworks */,
				E8C65841123424AA00F047B5 /* libThree20UINavigator.a in Frameworks */,
				E8C658EA123427D900F047B5 /* Foundation.framework in Frameworks */,
				E8C659161234299A00F047B5 /* libextThree20JSON+SBJSON.a in Frameworks */,
			);
			runOnlyForDeploymentPostprocessing = 0;
		};
/* End PBXFrameworksBuildPhase section */

/* Begin PBXGroup section */
		080E96DDFE201D6D7F000001 /* Classes */ = {
			isa = PBXGroup;
			children = (
				EB383C0410BBF8A40000B2D2 /* AppDelegate.h */,
				EB383C0510BBF8A40000B2D2 /* AppDelegate.m */,
				E89D27561199F737009EED67 /* Constants.h */,
				E89D27571199F737009EED67 /* Constants.m */,
				E87932551196ECAA006F861D /* UI */,
				E89D243C11990F42009EED67 /* Extensions */,
				E89D27631199F96C009EED67 /* Models */,
				E84C28371235C3C3000CBE11 /* API */,
			);
			path = Classes;
			sourceTree = "<group>";
		};
		19C28FACFE9D520D11CA2CBB /* Products */ = {
			isa = PBXGroup;
			children = (
				1D6058910D05DD3D006BFB54 /* Resale.app */,
			);
			name = Products;
			sourceTree = "<group>";
		};
		29B97314FDCFA39411CA2CEA /* CustomTemplate */ = {
			isa = PBXGroup;
			children = (
				E8C657CD123423BE00F047B5 /* Three20.xcodeproj */,
				E8C658041234247100F047B5 /* Three20Core.xcodeproj */,
				E8C658071234247100F047B5 /* Three20Network.xcodeproj */,
				E8C6580A1234247100F047B5 /* Three20Style.xcodeproj */,
				E8C6580D1234247100F047B5 /* Three20UICommon.xcodeproj */,
				E8C658101234247100F047B5 /* Three20UINavigator.xcodeproj */,
				E8C658131234247100F047B5 /* Three20UI.xcodeproj */,
				E8C658531234254700F047B5 /* Three20.bundle */,
				E8C659011234297500F047B5 /* extThree20JSON.xcodeproj */,
				080E96DDFE201D6D7F000001 /* Classes */,
				29B97315FDCFA39411CA2CEA /* Other Sources */,
				29B97317FDCFA39411CA2CEA /* Resources */,
				6EF963BC118E96B7003902E7 /* Dependencies */,
				29B97323FDCFA39411CA2CEA /* Frameworks */,
				19C28FACFE9D520D11CA2CBB /* Products */,
			);
			name = CustomTemplate;
			sourceTree = "<group>";
		};
		29B97315FDCFA39411CA2CEA /* Other Sources */ = {
			isa = PBXGroup;
			children = (
				E89D27911199FDC7009EED67 /* Twitter+OAuth */,
				32CA4F630368D1EE00C91783 /* Resale_Prefix.pch */,
				29B97316FDCFA39411CA2CEA /* main.m */,
			);
			name = "Other Sources";
			sourceTree = "<group>";
		};
		29B97317FDCFA39411CA2CEA /* Resources */ = {
			isa = PBXGroup;
			children = (
				E89D23FB11990783009EED67 /* XIBs */,
				E87933D41198B458006F861D /* images */,
				28C3AD890F43EF2300507BA6 /* Resale.xcdatamodel */,
				8D1107310486CEB800E47090 /* Resale-Info.plist */,
			);
			name = Resources;
			sourceTree = "<group>";
		};
		29B97323FDCFA39411CA2CEA /* Frameworks */ = {
			isa = PBXGroup;
			children = (
				E83CBE5B119BA4B40062D340 /* MessageUI.framework */,
				E84E41CD119DA8AC00D6A4B9 /* CoreLocation.framework */,
				E8E7AE61119A118900A0D92B /* libxml2.dylib */,
				1DF5F4DF0D08C38300B7A737 /* UIKit.framework */,
				288765A40DF7441C002DB57D /* CoreGraphics.framework */,
				28D801B30F44B63D00FB423F /* CoreData.framework */,
				EB383C1310BBF8C70000B2D2 /* QuartzCore.framework */,
				E8C658E9123427D900F047B5 /* Foundation.framework */,
			);
			name = Frameworks;
			sourceTree = "<group>";
		};
		6EF963BC118E96B7003902E7 /* Dependencies */ = {
			isa = PBXGroup;
			children = (
			);
			name = Dependencies;
			sourceTree = "<group>";
		};
		E82F261611A0E1AB006FFD47 /* PostDetail */ = {
			isa = PBXGroup;
			children = (
				E82F261711A0E1AB006FFD47 /* RSPostDetailModel.h */,
				E82F261811A0E1AB006FFD47 /* RSPostDetailModel.m */,
				E82F261911A0E1AB006FFD47 /* RSPostDetailTableDataSource.h */,
				E82F261A11A0E1AB006FFD47 /* RSPostDetailTableDataSource.m */,
			);
			name = PostDetail;
			path = Models/PostDetail;
			sourceTree = "<group>";
		};
		E82F261B11A0E1AB006FFD47 /* SearchPosts */ = {
			isa = PBXGroup;
			children = (
				E82F261C11A0E1AB006FFD47 /* RSSearchPostsModel.h */,
				E82F261D11A0E1AB006FFD47 /* RSSearchPostsModel.m */,
				E82F261E11A0E1AB006FFD47 /* RSSearchPostsTableDataSource.h */,
				E82F261F11A0E1AB006FFD47 /* RSSearchPostsTableDataSource.m */,
			);
			name = SearchPosts;
			path = Models/SearchPosts;
			sourceTree = "<group>";
		};
		E84C28371235C3C3000CBE11 /* API */ = {
			isa = PBXGroup;
			children = (
				E84C28381235C3DD000CBE11 /* RSAPI.h */,
				E84C28391235C3DD000CBE11 /* RSAPI.m */,
			);
			name = API;
			sourceTree = "<group>";
		};
		E87932551196ECAA006F861D /* UI */ = {
			isa = PBXGroup;
			children = (
				E8E2079C11A1896E00B4B178 /* RSStylesheet.h */,
				E8E2079D11A1896E00B4B178 /* RSStylesheet.m */,
				E89D25A31199DD40009EED67 /* RSCreatePostController.h */,
				E83CBEC5119C49950062D340 /* RSCreatePostController.m */,
				E89D25A61199DD40009EED67 /* RSSearchPostsController.h */,
				E89D25A71199DD40009EED67 /* RSSearchPostsController.m */,
				E82F263611A0E749006FFD47 /* RSPostDetailController.h */,
				E82F263511A0E749006FFD47 /* RSPostDetailController.m */,
				E89D25A81199DD40009EED67 /* RSUserPostsController.h */,
				E89D25A91199DD40009EED67 /* RSUserPostsController.m */,
				E879324E1196EC11006F861D /* RSTabController.h */,
				E879324F1196EC11006F861D /* RSTabController.m */,
			);
			name = UI;
			sourceTree = "<group>";
		};
		E87933D41198B458006F861D /* images */ = {
			isa = PBXGroup;
			children = (
				E87933D51198B45F006F861D /* icons */,
				E8E2079F11A189C700B4B178 /* rs_post_default_thumbnail.png */,
			);
			name = images;
			sourceTree = "<group>";
		};
		E87933D51198B45F006F861D /* icons */ = {
			isa = PBXGroup;
			children = (
				E8E207A111A189CF00B4B178 /* rs_post_photo_icon.png */,
			);
			name = icons;
			sourceTree = "<group>";
		};
		E89D23FB11990783009EED67 /* XIBs */ = {
			isa = PBXGroup;
			children = (
				E89D25A51199DD40009EED67 /* RSCreatePostController.xib */,
			);
			name = XIBs;
			sourceTree = "<group>";
		};
		E89D243C11990F42009EED67 /* Extensions */ = {
			isa = PBXGroup;
			children = (
				E84E433E119FC50900D6A4B9 /* NSDictionary+CGI.h */,
				E84E433F119FC50900D6A4B9 /* NSDictionary+CGI.m */,
				E89D24721199165C009EED67 /* UIView+LW.m */,
				E89D24731199165C009EED67 /* UIView+LW.h */,
				E89D244B11991018009EED67 /* UIView+AJJD.h */,
				E89D244A11991018009EED67 /* UIView+AJJD.m */,
				E89D243D11990F52009EED67 /* UIViewController+Keyboard.h */,
				E89D243E11990F52009EED67 /* UIViewController+Keyboard.m */,
				E8E2079911A1894900B4B178 /* NSDictionary+Post.h */,
				E8E2079A11A1894900B4B178 /* NSDictionary+Post.m */,
				E84C28EA1235EA7F000CBE11 /* NSMutableDictionary+Resale.h */,
				E84C28EB1235EA7F000CBE11 /* NSMutableDictionary+Resale.m */,
			);
			name = Extensions;
			sourceTree = "<group>";
		};
		E89D27631199F96C009EED67 /* Models */ = {
			isa = PBXGroup;
			children = (
				E82F261611A0E1AB006FFD47 /* PostDetail */,
				E82F261B11A0E1AB006FFD47 /* SearchPosts */,
			);
			name = Models;
			sourceTree = "<group>";
		};
		E89D27911199FDC7009EED67 /* Twitter+OAuth */ = {
			isa = PBXGroup;
			children = (
				E89D27921199FDC7009EED67 /* Libraries & Headers */,
				E89D27A61199FDC7009EED67 /* MGTwitterEngine */,
				E89D27C71199FDC7009EED67 /* SAOAuthTwitterEngine */,
			);
			name = "Twitter+OAuth";
			path = "Classes/ThirdParty/Twitter+OAuth";
			sourceTree = "<group>";
		};
		E89D27921199FDC7009EED67 /* Libraries & Headers */ = {
			isa = PBXGroup;
			children = (
				E89D27931199FDC7009EED67 /* jQueryInject.txt */,
				E89D27941199FDC7009EED67 /* jQueryInjectLandscape.txt */,
				E89D27951199FDC7009EED67 /* libOAuth.a */,
				E89D27961199FDC7009EED67 /* OAuthConsumer */,
			);
			path = "Libraries & Headers";
			sourceTree = "<group>";
		};
		E89D27961199FDC7009EED67 /* OAuthConsumer */ = {
			isa = PBXGroup;
			children = (
				E89D27971199FDC7009EED67 /* NSMutableURLRequest+Parameters.h */,
				E89D27981199FDC7009EED67 /* NSString+URLEncoding.h */,
				E89D27991199FDC7009EED67 /* NSURL+Base.h */,
				E89D279A1199FDC7009EED67 /* OAAsynchronousDataFetcher.h */,
				E89D279B1199FDC7009EED67 /* OAConsumer.h */,
				E89D279C1199FDC7009EED67 /* OADataFetcher.h */,
				E89D279D1199FDC7009EED67 /* OAHMAC_SHA1SignatureProvider.h */,
				E89D279E1199FDC7009EED67 /* OAMutableURLRequest.h */,
				E89D279F1199FDC7009EED67 /* OAPlaintextSignatureProvider.h */,
				E89D27A01199FDC7009EED67 /* OARequestParameter.h */,
				E89D27A11199FDC7009EED67 /* OAServiceTicket.h */,
				E89D27A21199FDC7009EED67 /* OASignatureProviding.h */,
				E89D27A31199FDC7009EED67 /* OAToken.h */,
				E89D27A41199FDC7009EED67 /* OAToken_KeychainExtensions.h */,
				E89D27A51199FDC7009EED67 /* OAuthConsumer.h */,
			);
			path = OAuthConsumer;
			sourceTree = "<group>";
		};
		E89D27A61199FDC7009EED67 /* MGTwitterEngine */ = {
			isa = PBXGroup;
			children = (
				E89D27A71199FDC7009EED67 /* MGTwitterEngine.h */,
				E89D27A81199FDC7009EED67 /* MGTwitterEngine.m */,
				E89D27A91199FDC7009EED67 /* MGTwitterEngineDelegate.h */,
				E89D27AA1199FDC7009EED67 /* MGTwitterEngineGlobalHeader.h */,
				E89D27AB1199FDC7009EED67 /* MGTwitterHTTPURLConnection.h */,
				E89D27AC1199FDC7009EED67 /* MGTwitterHTTPURLConnection.m */,
				E89D27B11199FDC7009EED67 /* MGTwitterMessagesParser.h */,
				E89D27B21199FDC7009EED67 /* MGTwitterMessagesParser.m */,
				E89D27B51199FDC7009EED67 /* MGTwitterMiscParser.h */,
				E89D27B61199FDC7009EED67 /* MGTwitterMiscParser.m */,
				E89D27B71199FDC7009EED67 /* MGTwitterParserDelegate.h */,
				E89D27B81199FDC7009EED67 /* MGTwitterRequestTypes.h */,
				E89D27BB1199FDC7009EED67 /* MGTwitterStatusesParser.h */,
				E89D27BC1199FDC7009EED67 /* MGTwitterStatusesParser.m */,
				E89D27BF1199FDC7009EED67 /* MGTwitterUsersParser.h */,
				E89D27C01199FDC7009EED67 /* MGTwitterUsersParser.m */,
				E89D27C11199FDC7009EED67 /* MGTwitterXMLParser.h */,
				E89D27C21199FDC7009EED67 /* MGTwitterXMLParser.m */,
				E89D27C31199FDC7009EED67 /* NSData+Base64.h */,
				E89D27C41199FDC7009EED67 /* NSData+Base64.m */,
				E89D27C51199FDC7009EED67 /* NSString+UUID.h */,
				E89D27C61199FDC7009EED67 /* NSString+UUID.m */,
			);
			path = MGTwitterEngine;
			sourceTree = "<group>";
		};
		E89D27C71199FDC7009EED67 /* SAOAuthTwitterEngine */ = {
			isa = PBXGroup;
			children = (
				E89D27C81199FDC7009EED67 /* SA_OAuthTwitterController.h */,
				E89D27C91199FDC7009EED67 /* SA_OAuthTwitterController.m */,
				E89D27CA1199FDC7009EED67 /* SA_OAuthTwitterEngine.h */,
				E89D27CB1199FDC7009EED67 /* SA_OAuthTwitterEngine.m */,
				E89D27CC1199FDC7009EED67 /* twitter_load.png */,
			);
			path = SAOAuthTwitterEngine;
			sourceTree = "<group>";
		};
		E8C657CE123423BE00F047B5 /* Products */ = {
			isa = PBXGroup;
			children = (
				E8C657F9123423BE00F047B5 /* libThree20.a */,
				E8C657FB123423BE00F047B5 /* UnitTests.octest */,
			);
			name = Products;
			sourceTree = "<group>";
		};
		E8C658051234247100F047B5 /* Products */ = {
			isa = PBXGroup;
			children = (
				E8C658191234247100F047B5 /* libThree20Core.a */,
				E8C6581B1234247100F047B5 /* CoreUnitTests.octest */,
			);
			name = Products;
			sourceTree = "<group>";
		};
		E8C658081234247100F047B5 /* Products */ = {
			isa = PBXGroup;
			children = (
				E8C6581F1234247100F047B5 /* libThree20Network.a */,
				E8C658211234247100F047B5 /* UnitTests.octest */,
			);
			name = Products;
			sourceTree = "<group>";
		};
		E8C6580B1234247100F047B5 /* Products */ = {
			isa = PBXGroup;
			children = (
				E8C658251234247100F047B5 /* libThree20Style.a */,
				E8C658271234247100F047B5 /* UnitTests.octest */,
			);
			name = Products;
			sourceTree = "<group>";
		};
		E8C6580E1234247100F047B5 /* Products */ = {
			isa = PBXGroup;
			children = (
				E8C6582B1234247100F047B5 /* libThree20UICommon.a */,
				E8C6582D1234247100F047B5 /* UnitTests.octest */,
			);
			name = Products;
			sourceTree = "<group>";
		};
		E8C658111234247100F047B5 /* Products */ = {
			isa = PBXGroup;
			children = (
				E8C658311234247100F047B5 /* libThree20UINavigator.a */,
				E8C658331234247100F047B5 /* UnitTests.octest */,
			);
			name = Products;
			sourceTree = "<group>";
		};
		E8C658141234247100F047B5 /* Products */ = {
			isa = PBXGroup;
			children = (
				E8C658371234247100F047B5 /* libThree20UI.a */,
				E8C658391234247100F047B5 /* UnitTests.octest */,
			);
			name = Products;
			sourceTree = "<group>";
		};
		E8C659021234297500F047B5 /* Products */ = {
			isa = PBXGroup;
			children = (
				E8C6590D1234297500F047B5 /* libextThree20JSON+SBJSON.a */,
				E8C6590F1234297500F047B5 /* libextThree20JSON+YAJL.a */,
				E8C659111234297500F047B5 /* extJSONUnitTests.octest */,
			);
			name = Products;
			sourceTree = "<group>";
		};
/* End PBXGroup section */

/* Begin PBXNativeTarget section */
		1D6058900D05DD3D006BFB54 /* Resale */ = {
			isa = PBXNativeTarget;
			buildConfigurationList = 1D6058960D05DD3E006BFB54 /* Build configuration list for PBXNativeTarget "Resale" */;
			buildPhases = (
				1D60588D0D05DD3D006BFB54 /* Resources */,
				1D60588E0D05DD3D006BFB54 /* Sources */,
				1D60588F0D05DD3D006BFB54 /* Frameworks */,
			);
			buildRules = (
			);
			dependencies = (
				E8C658441234250E00F047B5 /* PBXTargetDependency */,
				E8C658461234250E00F047B5 /* PBXTargetDependency */,
				E8C658481234250E00F047B5 /* PBXTargetDependency */,
				E8C6584A1234250E00F047B5 /* PBXTargetDependency */,
				E8C6584C1234250E00F047B5 /* PBXTargetDependency */,
				E8C6584E1234250E00F047B5 /* PBXTargetDependency */,
				E8C658501234250E00F047B5 /* PBXTargetDependency */,
				E8C659151234298E00F047B5 /* PBXTargetDependency */,
			);
			name = Resale;
			productName = Resale;
			productReference = 1D6058910D05DD3D006BFB54 /* Resale.app */;
			productType = "com.apple.product-type.application";
		};
/* End PBXNativeTarget section */

/* Begin PBXProject section */
		29B97313FDCFA39411CA2CEA /* Project object */ = {
			isa = PBXProject;
			buildConfigurationList = C01FCF4E08A954540054247B /* Build configuration list for PBXProject "Resale" */;
			compatibilityVersion = "Xcode 3.1";
			hasScannedForEncodings = 1;
			mainGroup = 29B97314FDCFA39411CA2CEA /* CustomTemplate */;
			projectDirPath = "";
			projectReferences = (
				{
					ProductGroup = E8C659021234297500F047B5 /* Products */;
					ProjectRef = E8C659011234297500F047B5 /* extThree20JSON.xcodeproj */;
				},
				{
					ProductGroup = E8C657CE123423BE00F047B5 /* Products */;
					ProjectRef = E8C657CD123423BE00F047B5 /* Three20.xcodeproj */;
				},
				{
					ProductGroup = E8C658051234247100F047B5 /* Products */;
					ProjectRef = E8C658041234247100F047B5 /* Three20Core.xcodeproj */;
				},
				{
					ProductGroup = E8C658081234247100F047B5 /* Products */;
					ProjectRef = E8C658071234247100F047B5 /* Three20Network.xcodeproj */;
				},
				{
					ProductGroup = E8C6580B1234247100F047B5 /* Products */;
					ProjectRef = E8C6580A1234247100F047B5 /* Three20Style.xcodeproj */;
				},
				{
					ProductGroup = E8C658141234247100F047B5 /* Products */;
					ProjectRef = E8C658131234247100F047B5 /* Three20UI.xcodeproj */;
				},
				{
					ProductGroup = E8C6580E1234247100F047B5 /* Products */;
					ProjectRef = E8C6580D1234247100F047B5 /* Three20UICommon.xcodeproj */;
				},
				{
					ProductGroup = E8C658111234247100F047B5 /* Products */;
					ProjectRef = E8C658101234247100F047B5 /* Three20UINavigator.xcodeproj */;
				},
			);
			projectRoot = "";
			targets = (
				1D6058900D05DD3D006BFB54 /* Resale */,
			);
		};
/* End PBXProject section */

/* Begin PBXReferenceProxy section */
		E8C657F9123423BE00F047B5 /* libThree20.a */ = {
			isa = PBXReferenceProxy;
			fileType = archive.ar;
			path = libThree20.a;
			remoteRef = E8C657F8123423BE00F047B5 /* PBXContainerItemProxy */;
			sourceTree = BUILT_PRODUCTS_DIR;
		};
		E8C657FB123423BE00F047B5 /* UnitTests.octest */ = {
			isa = PBXReferenceProxy;
			fileType = wrapper.cfbundle;
			path = UnitTests.octest;
			remoteRef = E8C657FA123423BE00F047B5 /* PBXContainerItemProxy */;
			sourceTree = BUILT_PRODUCTS_DIR;
		};
		E8C658191234247100F047B5 /* libThree20Core.a */ = {
			isa = PBXReferenceProxy;
			fileType = archive.ar;
			path = libThree20Core.a;
			remoteRef = E8C658181234247100F047B5 /* PBXContainerItemProxy */;
			sourceTree = BUILT_PRODUCTS_DIR;
		};
		E8C6581B1234247100F047B5 /* CoreUnitTests.octest */ = {
			isa = PBXReferenceProxy;
			fileType = wrapper.cfbundle;
			path = CoreUnitTests.octest;
			remoteRef = E8C6581A1234247100F047B5 /* PBXContainerItemProxy */;
			sourceTree = BUILT_PRODUCTS_DIR;
		};
		E8C6581F1234247100F047B5 /* libThree20Network.a */ = {
			isa = PBXReferenceProxy;
			fileType = archive.ar;
			path = libThree20Network.a;
			remoteRef = E8C6581E1234247100F047B5 /* PBXContainerItemProxy */;
			sourceTree = BUILT_PRODUCTS_DIR;
		};
		E8C658211234247100F047B5 /* UnitTests.octest */ = {
			isa = PBXReferenceProxy;
			fileType = wrapper.cfbundle;
			path = UnitTests.octest;
			remoteRef = E8C658201234247100F047B5 /* PBXContainerItemProxy */;
			sourceTree = BUILT_PRODUCTS_DIR;
		};
		E8C658251234247100F047B5 /* libThree20Style.a */ = {
			isa = PBXReferenceProxy;
			fileType = archive.ar;
			path = libThree20Style.a;
			remoteRef = E8C658241234247100F047B5 /* PBXContainerItemProxy */;
			sourceTree = BUILT_PRODUCTS_DIR;
		};
		E8C658271234247100F047B5 /* UnitTests.octest */ = {
			isa = PBXReferenceProxy;
			fileType = wrapper.cfbundle;
			path = UnitTests.octest;
			remoteRef = E8C658261234247100F047B5 /* PBXContainerItemProxy */;
			sourceTree = BUILT_PRODUCTS_DIR;
		};
		E8C6582B1234247100F047B5 /* libThree20UICommon.a */ = {
			isa = PBXReferenceProxy;
			fileType = archive.ar;
			path = libThree20UICommon.a;
			remoteRef = E8C6582A1234247100F047B5 /* PBXContainerItemProxy */;
			sourceTree = BUILT_PRODUCTS_DIR;
		};
		E8C6582D1234247100F047B5 /* UnitTests.octest */ = {
			isa = PBXReferenceProxy;
			fileType = wrapper.cfbundle;
			path = UnitTests.octest;
			remoteRef = E8C6582C1234247100F047B5 /* PBXContainerItemProxy */;
			sourceTree = BUILT_PRODUCTS_DIR;
		};
		E8C658311234247100F047B5 /* libThree20UINavigator.a */ = {
			isa = PBXReferenceProxy;
			fileType = archive.ar;
			path = libThree20UINavigator.a;
			remoteRef = E8C658301234247100F047B5 /* PBXContainerItemProxy */;
			sourceTree = BUILT_PRODUCTS_DIR;
		};
		E8C658331234247100F047B5 /* UnitTests.octest */ = {
			isa = PBXReferenceProxy;
			fileType = wrapper.cfbundle;
			path = UnitTests.octest;
			remoteRef = E8C658321234247100F047B5 /* PBXContainerItemProxy */;
			sourceTree = BUILT_PRODUCTS_DIR;
		};
		E8C658371234247100F047B5 /* libThree20UI.a */ = {
			isa = PBXReferenceProxy;
			fileType = archive.ar;
			path = libThree20UI.a;
			remoteRef = E8C658361234247100F047B5 /* PBXContainerItemProxy */;
			sourceTree = BUILT_PRODUCTS_DIR;
		};
		E8C658391234247100F047B5 /* UnitTests.octest */ = {
			isa = PBXReferenceProxy;
			fileType = wrapper.cfbundle;
			path = UnitTests.octest;
			remoteRef = E8C658381234247100F047B5 /* PBXContainerItemProxy */;
			sourceTree = BUILT_PRODUCTS_DIR;
		};
		E8C6590D1234297500F047B5 /* libextThree20JSON+SBJSON.a */ = {
			isa = PBXReferenceProxy;
			fileType = archive.ar;
			path = "libextThree20JSON+SBJSON.a";
			remoteRef = E8C6590C1234297500F047B5 /* PBXContainerItemProxy */;
			sourceTree = BUILT_PRODUCTS_DIR;
		};
		E8C6590F1234297500F047B5 /* libextThree20JSON+YAJL.a */ = {
			isa = PBXReferenceProxy;
			fileType = archive.ar;
			path = "libextThree20JSON+YAJL.a";
			remoteRef = E8C6590E1234297500F047B5 /* PBXContainerItemProxy */;
			sourceTree = BUILT_PRODUCTS_DIR;
		};
		E8C659111234297500F047B5 /* extJSONUnitTests.octest */ = {
			isa = PBXReferenceProxy;
			fileType = wrapper.cfbundle;
			path = extJSONUnitTests.octest;
			remoteRef = E8C659101234297500F047B5 /* PBXContainerItemProxy */;
			sourceTree = BUILT_PRODUCTS_DIR;
		};
/* End PBXReferenceProxy section */

/* Begin PBXResourcesBuildPhase section */
		1D60588D0D05DD3D006BFB54 /* Resources */ = {
			isa = PBXResourcesBuildPhase;
			buildActionMask = 2147483647;
			files = (
				E89D25AB1199DD40009EED67 /* RSCreatePostController.xib in Resources */,
				E89D27CD1199FDC7009EED67 /* jQueryInject.txt in Resources */,
				E89D27CE1199FDC7009EED67 /* jQueryInjectLandscape.txt in Resources */,
				E89D27E01199FDC7009EED67 /* twitter_load.png in Resources */,
				E8E207A011A189C700B4B178 /* rs_post_default_thumbnail.png in Resources */,
				E8E207A211A189CF00B4B178 /* rs_post_photo_icon.png in Resources */,
				E8C658541234254700F047B5 /* Three20.bundle in Resources */,
			);
			runOnlyForDeploymentPostprocessing = 0;
		};
/* End PBXResourcesBuildPhase section */

/* Begin PBXSourcesBuildPhase section */
		1D60588E0D05DD3D006BFB54 /* Sources */ = {
			isa = PBXSourcesBuildPhase;
			buildActionMask = 2147483647;
			files = (
				1D60589B0D05DD56006BFB54 /* main.m in Sources */,
				28C3AD8A0F43EF2300507BA6 /* Resale.xcdatamodel in Sources */,
				EB383C0610BBF8A40000B2D2 /* AppDelegate.m in Sources */,
				E87932501196EC11006F861D /* RSTabController.m in Sources */,
				E89D243F11990F52009EED67 /* UIViewController+Keyboard.m in Sources */,
				E89D244C11991018009EED67 /* UIView+AJJD.m in Sources */,
				E89D24741199165C009EED67 /* UIView+LW.m in Sources */,
				E89D25AC1199DD40009EED67 /* RSSearchPostsController.m in Sources */,
				E89D25AD1199DD40009EED67 /* RSUserPostsController.m in Sources */,
				E89D27581199F737009EED67 /* Constants.m in Sources */,
				E89D27D01199FDC7009EED67 /* MGTwitterEngine.m in Sources */,
				E89D27D11199FDC7009EED67 /* MGTwitterHTTPURLConnection.m in Sources */,
				E89D27D41199FDC7009EED67 /* MGTwitterMessagesParser.m in Sources */,
				E89D27D61199FDC7009EED67 /* MGTwitterMiscParser.m in Sources */,
				E89D27D81199FDC7009EED67 /* MGTwitterStatusesParser.m in Sources */,
				E89D27DA1199FDC7009EED67 /* MGTwitterUsersParser.m in Sources */,
				E89D27DB1199FDC7009EED67 /* MGTwitterXMLParser.m in Sources */,
				E89D27DC1199FDC7009EED67 /* NSData+Base64.m in Sources */,
				E89D27DD1199FDC7009EED67 /* NSString+UUID.m in Sources */,
				E89D27DE1199FDC7009EED67 /* SA_OAuthTwitterController.m in Sources */,
				E89D27DF1199FDC7009EED67 /* SA_OAuthTwitterEngine.m in Sources */,
				E83CBEC6119C49950062D340 /* RSCreatePostController.m in Sources */,
				E84E4340119FC50900D6A4B9 /* NSDictionary+CGI.m in Sources */,
				E82F262011A0E1AB006FFD47 /* RSPostDetailModel.m in Sources */,
				E82F262111A0E1AB006FFD47 /* RSPostDetailTableDataSource.m in Sources */,
				E82F262211A0E1AB006FFD47 /* RSSearchPostsModel.m in Sources */,
				E82F262311A0E1AB006FFD47 /* RSSearchPostsTableDataSource.m in Sources */,
				E82F263711A0E749006FFD47 /* RSPostDetailController.m in Sources */,
				E8E2079B11A1894900B4B178 /* NSDictionary+Post.m in Sources */,
				E8E2079E11A1896E00B4B178 /* RSStylesheet.m in Sources */,
				E84C283A1235C3DD000CBE11 /* RSAPI.m in Sources */,
				E84C28EC1235EA7F000CBE11 /* NSMutableDictionary+Resale.m in Sources */,
			);
			runOnlyForDeploymentPostprocessing = 0;
		};
/* End PBXSourcesBuildPhase section */

/* Begin PBXTargetDependency section */
		E8C658441234250E00F047B5 /* PBXTargetDependency */ = {
			isa = PBXTargetDependency;
			name = Three20Style;
			targetProxy = E8C658431234250E00F047B5 /* PBXContainerItemProxy */;
		};
		E8C658461234250E00F047B5 /* PBXTargetDependency */ = {
			isa = PBXTargetDependency;
			name = Three20UINavigator;
			targetProxy = E8C658451234250E00F047B5 /* PBXContainerItemProxy */;
		};
		E8C658481234250E00F047B5 /* PBXTargetDependency */ = {
			isa = PBXTargetDependency;
			name = Three20Core;
			targetProxy = E8C658471234250E00F047B5 /* PBXContainerItemProxy */;
		};
		E8C6584A1234250E00F047B5 /* PBXTargetDependency */ = {
			isa = PBXTargetDependency;
			name = Three20UI;
			targetProxy = E8C658491234250E00F047B5 /* PBXContainerItemProxy */;
		};
		E8C6584C1234250E00F047B5 /* PBXTargetDependency */ = {
			isa = PBXTargetDependency;
			name = Three20Network;
			targetProxy = E8C6584B1234250E00F047B5 /* PBXContainerItemProxy */;
		};
		E8C6584E1234250E00F047B5 /* PBXTargetDependency */ = {
			isa = PBXTargetDependency;
			name = Three20;
			targetProxy = E8C6584D1234250E00F047B5 /* PBXContainerItemProxy */;
		};
		E8C658501234250E00F047B5 /* PBXTargetDependency */ = {
			isa = PBXTargetDependency;
			name = Three20UICommon;
			targetProxy = E8C6584F1234250E00F047B5 /* PBXContainerItemProxy */;
		};
		E8C659151234298E00F047B5 /* PBXTargetDependency */ = {
			isa = PBXTargetDependency;
			name = "extThree20JSON+SBJSON";
			targetProxy = E8C659141234298E00F047B5 /* PBXContainerItemProxy */;
		};
/* End PBXTargetDependency section */

/* Begin XCBuildConfiguration section */
		1D6058940D05DD3E006BFB54 /* Debug */ = {
			isa = XCBuildConfiguration;
			buildSettings = {
				ALWAYS_SEARCH_USER_PATHS = NO;
				COPY_PHASE_STRIP = NO;
				FRAMEWORK_SEARCH_PATHS = "$(inherited)";
				GCC_DYNAMIC_NO_PIC = NO;
				GCC_OPTIMIZATION_LEVEL = 0;
				GCC_PRECOMPILE_PREFIX_HEADER = YES;
				GCC_PREFIX_HEADER = Resale_Prefix.pch;
				HEADER_SEARCH_PATHS = (
					../../three20/Build/Products/three20,
					../three20/Build/Products/three20,
				);
				INFOPLIST_FILE = "Resale-Info.plist";
				LIBRARY_SEARCH_PATHS = (
					"$(inherited)",
					"\"$(SRCROOT)/Classes/ThirdParty/Twitter+OAuth/Libraries & Headers\"",
				);
				OTHER_LDFLAGS = (
					"-all_load",
					"-ObjC",
				);
				PRODUCT_NAME = Resale;
			};
			name = Debug;
		};
		1D6058950D05DD3E006BFB54 /* Release */ = {
			isa = XCBuildConfiguration;
			buildSettings = {
				ALWAYS_SEARCH_USER_PATHS = NO;
				COPY_PHASE_STRIP = YES;
				FRAMEWORK_SEARCH_PATHS = "$(inherited)";
				GCC_PRECOMPILE_PREFIX_HEADER = YES;
				GCC_PREFIX_HEADER = Resale_Prefix.pch;
				HEADER_SEARCH_PATHS = (
					../../three20/Build/Products/three20,
					../three20/Build/Products/three20,
				);
				INFOPLIST_FILE = "Resale-Info.plist";
				LIBRARY_SEARCH_PATHS = (
					"$(inherited)",
					"\"$(SRCROOT)/Classes/ThirdParty/Twitter+OAuth/Libraries & Headers\"",
				);
				OTHER_LDFLAGS = (
					"-all_load",
					"-ObjC",
				);
				PRODUCT_NAME = Resale;
			};
			name = Release;
		};
		C01FCF4F08A954540054247B /* Debug */ = {
			isa = XCBuildConfiguration;
			buildSettings = {
				ALWAYS_SEARCH_USER_PATHS = YES;
				ARCHS = "$(ARCHS_STANDARD_32_BIT)";
				"CODE_SIGN_IDENTITY[sdk=iphoneos*]" = "iPhone Developer";
				FRAMEWORK_SEARCH_PATHS = "";
				GCC_C_LANGUAGE_STANDARD = c99;
				GCC_PREPROCESSOR_DEFINITIONS = DEBUG;
				GCC_WARN_ABOUT_RETURN_TYPE = YES;
				GCC_WARN_UNUSED_VARIABLE = YES;
				HEADER_SEARCH_PATHS = (
					../three20/Build/Products/three20,
					"/usr/include/libxml2/**",
				);
				OTHER_LDFLAGS = (
					"-all_load",
					"-ObjC",
				);
				PREBINDING = NO;
				SDKROOT = iphonesimulator4.0;
				USER_HEADER_SEARCH_PATHS = "$SDKROOT/usr/include/libxml2/** /Developer/Platforms/iPhoneSimulator.platform/Developer/SDKs/iPhoneSimulator3.0.sdk/usr/include/libxml2/**";
			};
			name = Debug;
		};
		C01FCF5008A954540054247B /* Release */ = {
			isa = XCBuildConfiguration;
			buildSettings = {
				ALWAYS_SEARCH_USER_PATHS = YES;
				ARCHS = "$(ARCHS_STANDARD_32_BIT)";
				"CODE_SIGN_IDENTITY[sdk=iphoneos*]" = "iPhone Developer";
				FRAMEWORK_SEARCH_PATHS = "";
				GCC_C_LANGUAGE_STANDARD = c99;
				GCC_WARN_ABOUT_RETURN_TYPE = YES;
				GCC_WARN_UNUSED_VARIABLE = YES;
				HEADER_SEARCH_PATHS = "/usr/include/libxml2/**";
				OTHER_LDFLAGS = (
					"-all_load",
					"-ObjC",
				);
				PREBINDING = NO;
				SDKROOT = iphonesimulator4.0;
				USER_HEADER_SEARCH_PATHS = "$SDKROOT/usr/include/libxml2/** /Developer/Platforms/iPhoneSimulator.platform/Developer/SDKs/iPhoneSimulator3.0.sdk/usr/include/libxml2/**";
			};
			name = Release;
		};
/* End XCBuildConfiguration section */

/* Begin XCConfigurationList section */
		1D6058960D05DD3E006BFB54 /* Build configuration list for PBXNativeTarget "Resale" */ = {
			isa = XCConfigurationList;
			buildConfigurations = (
				1D6058940D05DD3E006BFB54 /* Debug */,
				1D6058950D05DD3E006BFB54 /* Release */,
			);
			defaultConfigurationIsVisible = 0;
			defaultConfigurationName = Release;
		};
		C01FCF4E08A954540054247B /* Build configuration list for PBXProject "Resale" */ = {
			isa = XCConfigurationList;
			buildConfigurations = (
				C01FCF4F08A954540054247B /* Debug */,
				C01FCF5008A954540054247B /* Release */,
			);
			defaultConfigurationIsVisible = 0;
			defaultConfigurationName = Release;
		};
/* End XCConfigurationList section */
	};
	rootObject = 29B97313FDCFA39411CA2CEA /* Project object */;
}
